// !$*UTF8*$!
{
	archiveVersion = 1;
	classes = {
	};
	objectVersion = 46;
	objects = {

/* Begin PBXBuildFile section */
		7808455D1A8FE40B00428053 /* APIRequest.m in Sources */ = {isa = PBXBuildFile; fileRef = 7808455C1A8FE40B00428053 /* APIRequest.m */; };
		784C1FF41A8DA2E5007FB04F /* CoreData.framework in Frameworks */ = {isa = PBXBuildFile; fileRef = 784C1FF31A8DA2E5007FB04F /* CoreData.framework */; };
		7874E0E11A8DC9520099A3FA /* LoginFormView.m in Sources */ = {isa = PBXBuildFile; fileRef = 7874E0E01A8DC9520099A3FA /* LoginFormView.m */; };
		787E9C071A96E33E0030DE0B /* Images.xcassets in Resources */ = {isa = PBXBuildFile; fileRef = 787E9C061A96E33E0030DE0B /* Images.xcassets */; };
		788DF8AB1A9021B8007F8C63 /* Security.framework in Frameworks */ = {isa = PBXBuildFile; fileRef = 788DF8AA1A9021B8007F8C63 /* Security.framework */; };
		788DF8BE1A902730007F8C63 /* UICKeyChainStore.m in Sources */ = {isa = PBXBuildFile; fileRef = 788DF8BD1A902730007F8C63 /* UICKeyChainStore.m */; };
		788DF8C11A90378C007F8C63 /* SettingsViewController.m in Sources */ = {isa = PBXBuildFile; fileRef = 788DF8C01A90378C007F8C63 /* SettingsViewController.m */; };
		788DF8C61A904C62007F8C63 /* AuctionsTableViewController.m in Sources */ = {isa = PBXBuildFile; fileRef = 788DF8C51A904C62007F8C63 /* AuctionsTableViewController.m */; };
		788DF8CC1A906ACF007F8C63 /* Main.storyboard in Resources */ = {isa = PBXBuildFile; fileRef = 788DF8CB1A906ACF007F8C63 /* Main.storyboard */; };
		788DF8CF1A906B86007F8C63 /* AuctionViewController.m in Sources */ = {isa = PBXBuildFile; fileRef = 788DF8CE1A906B86007F8C63 /* AuctionViewController.m */; };
		78C4F6A31A8DC73000704F14 /* LoginFormView.xib in Resources */ = {isa = PBXBuildFile; fileRef = 78C4F6A21A8DC73000704F14 /* LoginFormView.xib */; };
		78CCE5C61AAE7BB000C6FDBE /* LotsTableViewController.m in Sources */ = {isa = PBXBuildFile; fileRef = 78CCE5C51AAE7BB000C6FDBE /* LotsTableViewController.m */; };
		78CCE5C91AAE7D3000C6FDBE /* LotViewController.m in Sources */ = {isa = PBXBuildFile; fileRef = 78CCE5C81AAE7D3000C6FDBE /* LotViewController.m */; };
		78D80E891A33C976005282A3 /* main.m in Sources */ = {isa = PBXBuildFile; fileRef = 78D80E881A33C976005282A3 /* main.m */; };
		78D80E8C1A33C976005282A3 /* AppDelegate.m in Sources */ = {isa = PBXBuildFile; fileRef = 78D80E8B1A33C976005282A3 /* AppDelegate.m */; };
		78D80EA61A33C976005282A3 /* AuctacityTests.m in Sources */ = {isa = PBXBuildFile; fileRef = 78D80EA51A33C976005282A3 /* AuctacityTests.m */; };
		78E246BD1A8AF92B00ED6E0E /* KaushanScript-Regular-webfont.ttf in Resources */ = {isa = PBXBuildFile; fileRef = 78E246B81A8AF6A700ED6E0E /* KaushanScript-Regular-webfont.ttf */; };
		78E246C51A8B205800ED6E0E /* AuthViewController.m in Sources */ = {isa = PBXBuildFile; fileRef = 78E246C41A8B205800ED6E0E /* AuthViewController.m */; };
		78E246C81A8B268F00ED6E0E /* Museo300-Regular.otf in Resources */ = {isa = PBXBuildFile; fileRef = 78E246C61A8B266300ED6E0E /* Museo300-Regular.otf */; };
		78E246C91A8B268F00ED6E0E /* Museo700-Regular-webfont.ttf in Resources */ = {isa = PBXBuildFile; fileRef = 78E246C71A8B266300ED6E0E /* Museo700-Regular-webfont.ttf */; };
		78E246CC1A8B39D600ED6E0E /* BottomButtonView.m in Sources */ = {isa = PBXBuildFile; fileRef = 78E246CB1A8B39D600ED6E0E /* BottomButtonView.m */; };
		78E246CE1A8B39F100ED6E0E /* BottomButtonView.xib in Resources */ = {isa = PBXBuildFile; fileRef = 78E246CD1A8B39F100ED6E0E /* BottomButtonView.xib */; };
/* End PBXBuildFile section */

/* Begin PBXContainerItemProxy section */
		78D80EA01A33C976005282A3 /* PBXContainerItemProxy */ = {
			isa = PBXContainerItemProxy;
			containerPortal = 78D80E7B1A33C976005282A3 /* Project object */;
			proxyType = 1;
			remoteGlobalIDString = 78D80E821A33C976005282A3;
			remoteInfo = Auctacity;
		};
/* End PBXContainerItemProxy section */

/* Begin PBXFileReference section */
		7808455B1A8FE40B00428053 /* APIRequest.h */ = {isa = PBXFileReference; fileEncoding = 4; lastKnownFileType = sourcecode.c.h; path = APIRequest.h; sourceTree = "<group>"; };
		7808455C1A8FE40B00428053 /* APIRequest.m */ = {isa = PBXFileReference; fileEncoding = 4; lastKnownFileType = sourcecode.c.objc; path = APIRequest.m; sourceTree = "<group>"; };
		784C1FF31A8DA2E5007FB04F /* CoreData.framework */ = {isa = PBXFileReference; lastKnownFileType = wrapper.framework; name = CoreData.framework; path = System/Library/Frameworks/CoreData.framework; sourceTree = SDKROOT; };
		7874E0DF1A8DC9520099A3FA /* LoginFormView.h */ = {isa = PBXFileReference; fileEncoding = 4; lastKnownFileType = sourcecode.c.h; path = LoginFormView.h; sourceTree = "<group>"; };
		7874E0E01A8DC9520099A3FA /* LoginFormView.m */ = {isa = PBXFileReference; fileEncoding = 4; lastKnownFileType = sourcecode.c.objc; path = LoginFormView.m; sourceTree = "<group>"; };
		787E9C061A96E33E0030DE0B /* Images.xcassets */ = {isa = PBXFileReference; lastKnownFileType = folder.assetcatalog; path = Images.xcassets; sourceTree = "<group>"; };
		788DF8AA1A9021B8007F8C63 /* Security.framework */ = {isa = PBXFileReference; lastKnownFileType = wrapper.framework; name = Security.framework; path = System/Library/Frameworks/Security.framework; sourceTree = SDKROOT; };
		788DF8BC1A902730007F8C63 /* UICKeyChainStore.h */ = {isa = PBXFileReference; fileEncoding = 4; lastKnownFileType = sourcecode.c.h; path = UICKeyChainStore.h; sourceTree = "<group>"; };
		788DF8BD1A902730007F8C63 /* UICKeyChainStore.m */ = {isa = PBXFileReference; fileEncoding = 4; lastKnownFileType = sourcecode.c.objc; path = UICKeyChainStore.m; sourceTree = "<group>"; };
		788DF8BF1A90378C007F8C63 /* SettingsViewController.h */ = {isa = PBXFileReference; fileEncoding = 4; lastKnownFileType = sourcecode.c.h; path = SettingsViewController.h; sourceTree = "<group>"; };
		788DF8C01A90378C007F8C63 /* SettingsViewController.m */ = {isa = PBXFileReference; fileEncoding = 4; lastKnownFileType = sourcecode.c.objc; path = SettingsViewController.m; sourceTree = "<group>"; };
		788DF8C41A904C62007F8C63 /* AuctionsTableViewController.h */ = {isa = PBXFileReference; fileEncoding = 4; lastKnownFileType = sourcecode.c.h; path = AuctionsTableViewController.h; sourceTree = "<group>"; };
		788DF8C51A904C62007F8C63 /* AuctionsTableViewController.m */ = {isa = PBXFileReference; fileEncoding = 4; lastKnownFileType = sourcecode.c.objc; path = AuctionsTableViewController.m; sourceTree = "<group>"; };
		788DF8CB1A906ACF007F8C63 /* Main.storyboard */ = {isa = PBXFileReference; fileEncoding = 4; lastKnownFileType = file.storyboard; path = Main.storyboard; sourceTree = "<group>"; };
		788DF8CD1A906B86007F8C63 /* AuctionViewController.h */ = {isa = PBXFileReference; fileEncoding = 4; lastKnownFileType = sourcecode.c.h; path = AuctionViewController.h; sourceTree = "<group>"; };
		788DF8CE1A906B86007F8C63 /* AuctionViewController.m */ = {isa = PBXFileReference; fileEncoding = 4; lastKnownFileType = sourcecode.c.objc; path = AuctionViewController.m; sourceTree = "<group>"; };
		78C4F6A21A8DC73000704F14 /* LoginFormView.xib */ = {isa = PBXFileReference; fileEncoding = 4; lastKnownFileType = file.xib; path = LoginFormView.xib; sourceTree = "<group>"; };
		78CCE5C41AAE7BB000C6FDBE /* LotsTableViewController.h */ = {isa = PBXFileReference; fileEncoding = 4; lastKnownFileType = sourcecode.c.h; path = LotsTableViewController.h; sourceTree = "<group>"; };
		78CCE5C51AAE7BB000C6FDBE /* LotsTableViewController.m */ = {isa = PBXFileReference; fileEncoding = 4; lastKnownFileType = sourcecode.c.objc; path = LotsTableViewController.m; sourceTree = "<group>"; };
		78CCE5C71AAE7D3000C6FDBE /* LotViewController.h */ = {isa = PBXFileReference; fileEncoding = 4; lastKnownFileType = sourcecode.c.h; path = LotViewController.h; sourceTree = "<group>"; };
		78CCE5C81AAE7D3000C6FDBE /* LotViewController.m */ = {isa = PBXFileReference; fileEncoding = 4; lastKnownFileType = sourcecode.c.objc; path = LotViewController.m; sourceTree = "<group>"; };
		78D80E831A33C976005282A3 /* Auctacity.app */ = {isa = PBXFileReference; explicitFileType = wrapper.application; includeInIndex = 0; path = Auctacity.app; sourceTree = BUILT_PRODUCTS_DIR; };
		78D80E871A33C976005282A3 /* Info.plist */ = {isa = PBXFileReference; lastKnownFileType = text.plist.xml; path = Info.plist; sourceTree = "<group>"; };
		78D80E881A33C976005282A3 /* main.m */ = {isa = PBXFileReference; lastKnownFileType = sourcecode.c.objc; path = main.m; sourceTree = "<group>"; };
		78D80E8A1A33C976005282A3 /* AppDelegate.h */ = {isa = PBXFileReference; lastKnownFileType = sourcecode.c.h; path = AppDelegate.h; sourceTree = "<group>"; };
		78D80E8B1A33C976005282A3 /* AppDelegate.m */ = {isa = PBXFileReference; lastKnownFileType = sourcecode.c.objc; path = AppDelegate.m; sourceTree = "<group>"; };
		78D80E9F1A33C976005282A3 /* AuctacityTests.xctest */ = {isa = PBXFileReference; explicitFileType = wrapper.cfbundle; includeInIndex = 0; path = AuctacityTests.xctest; sourceTree = BUILT_PRODUCTS_DIR; };
		78D80EA41A33C976005282A3 /* Info.plist */ = {isa = PBXFileReference; lastKnownFileType = text.plist.xml; path = Info.plist; sourceTree = "<group>"; };
		78D80EA51A33C976005282A3 /* AuctacityTests.m */ = {isa = PBXFileReference; lastKnownFileType = sourcecode.c.objc; path = AuctacityTests.m; sourceTree = "<group>"; };
		78E246B81A8AF6A700ED6E0E /* KaushanScript-Regular-webfont.ttf */ = {isa = PBXFileReference; lastKnownFileType = file; name = "KaushanScript-Regular-webfont.ttf"; path = "../../Desktop/auctacity/KaushanScript-Regular-webfont.ttf"; sourceTree = "<group>"; };
		78E246C31A8B205800ED6E0E /* AuthViewController.h */ = {isa = PBXFileReference; fileEncoding = 4; lastKnownFileType = sourcecode.c.h; path = AuthViewController.h; sourceTree = "<group>"; };
		78E246C41A8B205800ED6E0E /* AuthViewController.m */ = {isa = PBXFileReference; fileEncoding = 4; lastKnownFileType = sourcecode.c.objc; path = AuthViewController.m; sourceTree = "<group>"; };
		78E246C61A8B266300ED6E0E /* Museo300-Regular.otf */ = {isa = PBXFileReference; lastKnownFileType = file; name = "Museo300-Regular.otf"; path = "../../Desktop/auctacity/Museo300-Regular.otf"; sourceTree = "<group>"; };
		78E246C71A8B266300ED6E0E /* Museo700-Regular-webfont.ttf */ = {isa = PBXFileReference; lastKnownFileType = file; name = "Museo700-Regular-webfont.ttf"; path = "../../Desktop/auctacity/Museo700-Regular-webfont.ttf"; sourceTree = "<group>"; };
		78E246CA1A8B39D600ED6E0E /* BottomButtonView.h */ = {isa = PBXFileReference; fileEncoding = 4; lastKnownFileType = sourcecode.c.h; path = BottomButtonView.h; sourceTree = "<group>"; };
		78E246CB1A8B39D600ED6E0E /* BottomButtonView.m */ = {isa = PBXFileReference; fileEncoding = 4; lastKnownFileType = sourcecode.c.objc; path = BottomButtonView.m; sourceTree = "<group>"; };
		78E246CD1A8B39F100ED6E0E /* BottomButtonView.xib */ = {isa = PBXFileReference; fileEncoding = 4; lastKnownFileType = file.xib; path = BottomButtonView.xib; sourceTree = "<group>"; };
/* End PBXFileReference section */

/* Begin PBXFrameworksBuildPhase section */
		78D80E801A33C976005282A3 /* Frameworks */ = {
			isa = PBXFrameworksBuildPhase;
			buildActionMask = 2147483647;
			files = (
				788DF8AB1A9021B8007F8C63 /* Security.framework in Frameworks */,
				784C1FF41A8DA2E5007FB04F /* CoreData.framework in Frameworks */,
			);
			runOnlyForDeploymentPostprocessing = 0;
		};
		78D80E9C1A33C976005282A3 /* Frameworks */ = {
			isa = PBXFrameworksBuildPhase;
			buildActionMask = 2147483647;
			files = (
			);
			runOnlyForDeploymentPostprocessing = 0;
		};
/* End PBXFrameworksBuildPhase section */

/* Begin PBXGroup section */
		788DF8AC1A90232C007F8C63 /* Libraries */ = {
			isa = PBXGroup;
			children = (
				7808455B1A8FE40B00428053 /* APIRequest.h */,
				7808455C1A8FE40B00428053 /* APIRequest.m */,
				788DF8BC1A902730007F8C63 /* UICKeyChainStore.h */,
				788DF8BD1A902730007F8C63 /* UICKeyChainStore.m */,
			);
			name = Libraries;
			sourceTree = "<group>";
		};
		788DF8C21A9047FC007F8C63 /* Table Views */ = {
			isa = PBXGroup;
			children = (
				788DF8C41A904C62007F8C63 /* AuctionsTableViewController.h */,
				788DF8C51A904C62007F8C63 /* AuctionsTableViewController.m */,
				788DF8BF1A90378C007F8C63 /* SettingsViewController.h */,
				788DF8C01A90378C007F8C63 /* SettingsViewController.m */,
				78CCE5C41AAE7BB000C6FDBE /* LotsTableViewController.h */,
				78CCE5C51AAE7BB000C6FDBE /* LotsTableViewController.m */,
			);
			name = "Table Views";
			sourceTree = "<group>";
		};
		788DF8C31A90482B007F8C63 /* General Views */ = {
			isa = PBXGroup;
			children = (
				78E246CA1A8B39D600ED6E0E /* BottomButtonView.h */,
				78E246CB1A8B39D600ED6E0E /* BottomButtonView.m */,
				78E246CD1A8B39F100ED6E0E /* BottomButtonView.xib */,
				7874E0DF1A8DC9520099A3FA /* LoginFormView.h */,
				7874E0E01A8DC9520099A3FA /* LoginFormView.m */,
				78C4F6A21A8DC73000704F14 /* LoginFormView.xib */,
			);
			name = "General Views";
			sourceTree = "<group>";
		};
		788DF8C71A90634A007F8C63 /* Object Views */ = {
			isa = PBXGroup;
			children = (
				788DF8CD1A906B86007F8C63 /* AuctionViewController.h */,
				788DF8CE1A906B86007F8C63 /* AuctionViewController.m */,
				78CCE5C71AAE7D3000C6FDBE /* LotViewController.h */,
				78CCE5C81AAE7D3000C6FDBE /* LotViewController.m */,
			);
			name = "Object Views";
			sourceTree = "<group>";
		};
		78D80E7A1A33C976005282A3 = {
			isa = PBXGroup;
			children = (
				788DF8AA1A9021B8007F8C63 /* Security.framework */,
				784C1FF31A8DA2E5007FB04F /* CoreData.framework */,
				78D80E851A33C976005282A3 /* Auctacity */,
				78D80EA21A33C976005282A3 /* AuctacityTests */,
				78D80E841A33C976005282A3 /* Products */,
			);
			sourceTree = "<group>";
		};
		78D80E841A33C976005282A3 /* Products */ = {
			isa = PBXGroup;
			children = (
				78D80E831A33C976005282A3 /* Auctacity.app */,
				78D80E9F1A33C976005282A3 /* AuctacityTests.xctest */,
			);
			name = Products;
			sourceTree = "<group>";
		};
		78D80E851A33C976005282A3 /* Auctacity */ = {
			isa = PBXGroup;
			children = (
				788DF8CB1A906ACF007F8C63 /* Main.storyboard */,
				78D80E8A1A33C976005282A3 /* AppDelegate.h */,
				78D80E8B1A33C976005282A3 /* AppDelegate.m */,
				78E246C31A8B205800ED6E0E /* AuthViewController.h */,
				78E246C41A8B205800ED6E0E /* AuthViewController.m */,
				788DF8C31A90482B007F8C63 /* General Views */,
				788DF8C21A9047FC007F8C63 /* Table Views */,
				788DF8C71A90634A007F8C63 /* Object Views */,
				78E246B41A8AF62D00ED6E0E /* Fonts */,
				788DF8AC1A90232C007F8C63 /* Libraries */,
				78D80E861A33C976005282A3 /* Supporting Files */,
				787E9C061A96E33E0030DE0B /* Images.xcassets */,
			);
			path = Auctacity;
			sourceTree = "<group>";
		};
		78D80E861A33C976005282A3 /* Supporting Files */ = {
			isa = PBXGroup;
			children = (
				78D80E871A33C976005282A3 /* Info.plist */,
				78D80E881A33C976005282A3 /* main.m */,
			);
			name = "Supporting Files";
			sourceTree = "<group>";
		};
		78D80EA21A33C976005282A3 /* AuctacityTests */ = {
			isa = PBXGroup;
			children = (
				78D80EA51A33C976005282A3 /* AuctacityTests.m */,
				78D80EA31A33C976005282A3 /* Supporting Files */,
			);
			path = AuctacityTests;
			sourceTree = "<group>";
		};
		78D80EA31A33C976005282A3 /* Supporting Files */ = {
			isa = PBXGroup;
			children = (
				78D80EA41A33C976005282A3 /* Info.plist */,
			);
			name = "Supporting Files";
			sourceTree = "<group>";
		};
		78E246B41A8AF62D00ED6E0E /* Fonts */ = {
			isa = PBXGroup;
			children = (
				78E246C61A8B266300ED6E0E /* Museo300-Regular.otf */,
				78E246C71A8B266300ED6E0E /* Museo700-Regular-webfont.ttf */,
				78E246B81A8AF6A700ED6E0E /* KaushanScript-Regular-webfont.ttf */,
			);
			name = Fonts;
			sourceTree = "<group>";
		};
/* End PBXGroup section */

/* Begin PBXNativeTarget section */
		78D80E821A33C976005282A3 /* Auctacity */ = {
			isa = PBXNativeTarget;
			buildConfigurationList = 78D80EA91A33C976005282A3 /* Build configuration list for PBXNativeTarget "Auctacity" */;
			buildPhases = (
				78D80E7F1A33C976005282A3 /* Sources */,
				78D80E801A33C976005282A3 /* Frameworks */,
				78D80E811A33C976005282A3 /* Resources */,
			);
			buildRules = (
			);
			dependencies = (
			);
			name = Auctacity;
			productName = Auctacity;
			productReference = 78D80E831A33C976005282A3 /* Auctacity.app */;
			productType = "com.apple.product-type.application";
		};
		78D80E9E1A33C976005282A3 /* AuctacityTests */ = {
			isa = PBXNativeTarget;
			buildConfigurationList = 78D80EAC1A33C976005282A3 /* Build configuration list for PBXNativeTarget "AuctacityTests" */;
			buildPhases = (
				78D80E9B1A33C976005282A3 /* Sources */,
				78D80E9C1A33C976005282A3 /* Frameworks */,
				78D80E9D1A33C976005282A3 /* Resources */,
			);
			buildRules = (
			);
			dependencies = (
				78D80EA11A33C976005282A3 /* PBXTargetDependency */,
			);
			name = AuctacityTests;
			productName = AuctacityTests;
			productReference = 78D80E9F1A33C976005282A3 /* AuctacityTests.xctest */;
			productType = "com.apple.product-type.bundle.unit-test";
		};
/* End PBXNativeTarget section */

/* Begin PBXProject section */
		78D80E7B1A33C976005282A3 /* Project object */ = {
			isa = PBXProject;
			attributes = {
				LastUpgradeCheck = 0610;
				ORGANIZATIONNAME = "Tharp, Jeremy";
				TargetAttributes = {
					78D80E821A33C976005282A3 = {
						CreatedOnToolsVersion = 6.1;
						DevelopmentTeam = HUWGC7WC7R;
					};
					78D80E9E1A33C976005282A3 = {
						CreatedOnToolsVersion = 6.1;
						TestTargetID = 78D80E821A33C976005282A3;
					};
				};
			};
			buildConfigurationList = 78D80E7E1A33C976005282A3 /* Build configuration list for PBXProject "Auctacity" */;
			compatibilityVersion = "Xcode 3.2";
			developmentRegion = English;
			hasScannedForEncodings = 0;
			knownRegions = (
				en,
				Base,
			);
			mainGroup = 78D80E7A1A33C976005282A3;
			productRefGroup = 78D80E841A33C976005282A3 /* Products */;
			projectDirPath = "";
			projectRoot = "";
			targets = (
				78D80E821A33C976005282A3 /* Auctacity */,
				78D80E9E1A33C976005282A3 /* AuctacityTests */,
			);
		};
/* End PBXProject section */

/* Begin PBXResourcesBuildPhase section */
		78D80E811A33C976005282A3 /* Resources */ = {
			isa = PBXResourcesBuildPhase;
			buildActionMask = 2147483647;
			files = (
				788DF8CC1A906ACF007F8C63 /* Main.storyboard in Resources */,
				78E246C81A8B268F00ED6E0E /* Museo300-Regular.otf in Resources */,
				787E9C071A96E33E0030DE0B /* Images.xcassets in Resources */,
				78E246CE1A8B39F100ED6E0E /* BottomButtonView.xib in Resources */,
				78C4F6A31A8DC73000704F14 /* LoginFormView.xib in Resources */,
				78E246C91A8B268F00ED6E0E /* Museo700-Regular-webfont.ttf in Resources */,
				78E246BD1A8AF92B00ED6E0E /* KaushanScript-Regular-webfont.ttf in Resources */,
			);
			runOnlyForDeploymentPostprocessing = 0;
		};
		78D80E9D1A33C976005282A3 /* Resources */ = {
			isa = PBXResourcesBuildPhase;
			buildActionMask = 2147483647;
			files = (
			);
			runOnlyForDeploymentPostprocessing = 0;
		};
/* End PBXResourcesBuildPhase section */

/* Begin PBXSourcesBuildPhase section */
		78D80E7F1A33C976005282A3 /* Sources */ = {
			isa = PBXSourcesBuildPhase;
			buildActionMask = 2147483647;
			files = (
				78D80E8C1A33C976005282A3 /* AppDelegate.m in Sources */,
				78E246CC1A8B39D600ED6E0E /* BottomButtonView.m in Sources */,
				7808455D1A8FE40B00428053 /* APIRequest.m in Sources */,
				78CCE5C61AAE7BB000C6FDBE /* LotsTableViewController.m in Sources */,
				788DF8C61A904C62007F8C63 /* AuctionsTableViewController.m in Sources */,
				788DF8CF1A906B86007F8C63 /* AuctionViewController.m in Sources */,
				788DF8C11A90378C007F8C63 /* SettingsViewController.m in Sources */,
				7874E0E11A8DC9520099A3FA /* LoginFormView.m in Sources */,
				78CCE5C91AAE7D3000C6FDBE /* LotViewController.m in Sources */,
				78E246C51A8B205800ED6E0E /* AuthViewController.m in Sources */,
				78D80E891A33C976005282A3 /* main.m in Sources */,
				788DF8BE1A902730007F8C63 /* UICKeyChainStore.m in Sources */,
			);
			runOnlyForDeploymentPostprocessing = 0;
		};
		78D80E9B1A33C976005282A3 /* Sources */ = {
			isa = PBXSourcesBuildPhase;
			buildActionMask = 2147483647;
			files = (
				78D80EA61A33C976005282A3 /* AuctacityTests.m in Sources */,
			);
			runOnlyForDeploymentPostprocessing = 0;
		};
/* End PBXSourcesBuildPhase section */

/* Begin PBXTargetDependency section */
		78D80EA11A33C976005282A3 /* PBXTargetDependency */ = {
			isa = PBXTargetDependency;
			target = 78D80E821A33C976005282A3 /* Auctacity */;
			targetProxy = 78D80EA01A33C976005282A3 /* PBXContainerItemProxy */;
		};
/* End PBXTargetDependency section */

/* Begin XCBuildConfiguration section */
		78D80EA71A33C976005282A3 /* Debug */ = {
			isa = XCBuildConfiguration;
			buildSettings = {
				ALWAYS_SEARCH_USER_PATHS = NO;
				CLANG_CXX_LANGUAGE_STANDARD = "gnu++0x";
				CLANG_CXX_LIBRARY = "libc++";
				CLANG_ENABLE_MODULES = YES;
				CLANG_ENABLE_OBJC_ARC = YES;
				CLANG_WARN_BOOL_CONVERSION = YES;
				CLANG_WARN_CONSTANT_CONVERSION = YES;
				CLANG_WARN_DIRECT_OBJC_ISA_USAGE = YES_ERROR;
				CLANG_WARN_EMPTY_BODY = YES;
				CLANG_WARN_ENUM_CONVERSION = YES;
				CLANG_WARN_INT_CONVERSION = YES;
				CLANG_WARN_OBJC_ROOT_CLASS = YES_ERROR;
				CLANG_WARN_UNREACHABLE_CODE = YES;
				CLANG_WARN__DUPLICATE_METHOD_MATCH = YES;
				"CODE_SIGN_IDENTITY[sdk=iphoneos*]" = "iPhone Developer";
				COPY_PHASE_STRIP = NO;
				ENABLE_STRICT_OBJC_MSGSEND = YES;
				GCC_C_LANGUAGE_STANDARD = gnu99;
				GCC_DYNAMIC_NO_PIC = NO;
				GCC_OPTIMIZATION_LEVEL = 0;
				GCC_PREPROCESSOR_DEFINITIONS = (
					"DEBUG=1",
					"$(inherited)",
				);
				GCC_SYMBOLS_PRIVATE_EXTERN = NO;
				GCC_WARN_64_TO_32_BIT_CONVERSION = YES;
				GCC_WARN_ABOUT_RETURN_TYPE = YES_ERROR;
				GCC_WARN_UNDECLARED_SELECTOR = YES;
				GCC_WARN_UNINITIALIZED_AUTOS = YES_AGGRESSIVE;
				GCC_WARN_UNUSED_FUNCTION = YES;
				GCC_WARN_UNUSED_VARIABLE = YES;
				IPHONEOS_DEPLOYMENT_TARGET = 8.1;
				MTL_ENABLE_DEBUG_INFO = YES;
				ONLY_ACTIVE_ARCH = YES;
				SDKROOT = iphoneos;
				TARGETED_DEVICE_FAMILY = "1,2";
			};
			name = Debug;
		};
		78D80EA81A33C976005282A3 /* Release */ = {
			isa = XCBuildConfiguration;
			buildSettings = {
				ALWAYS_SEARCH_USER_PATHS = NO;
				CLANG_CXX_LANGUAGE_STANDARD = "gnu++0x";
				CLANG_CXX_LIBRARY = "libc++";
				CLANG_ENABLE_MODULES = YES;
				CLANG_ENABLE_OBJC_ARC = YES;
				CLANG_WARN_BOOL_CONVERSION = YES;
				CLANG_WARN_CONSTANT_CONVERSION = YES;
				CLANG_WARN_DIRECT_OBJC_ISA_USAGE = YES_ERROR;
				CLANG_WARN_EMPTY_BODY = YES;
				CLANG_WARN_ENUM_CONVERSION = YES;
				CLANG_WARN_INT_CONVERSION = YES;
				CLANG_WARN_OBJC_ROOT_CLASS = YES_ERROR;
				CLANG_WARN_UNREACHABLE_CODE = YES;
				CLANG_WARN__DUPLICATE_METHOD_MATCH = YES;
				"CODE_SIGN_IDENTITY[sdk=iphoneos*]" = "iPhone Developer";
				COPY_PHASE_STRIP = YES;
				ENABLE_NS_ASSERTIONS = NO;
				ENABLE_STRICT_OBJC_MSGSEND = YES;
				GCC_C_LANGUAGE_STANDARD = gnu99;
				GCC_WARN_64_TO_32_BIT_CONVERSION = YES;
				GCC_WARN_ABOUT_RETURN_TYPE = YES_ERROR;
				GCC_WARN_UNDECLARED_SELECTOR = YES;
				GCC_WARN_UNINITIALIZED_AUTOS = YES_AGGRESSIVE;
				GCC_WARN_UNUSED_FUNCTION = YES;
				GCC_WARN_UNUSED_VARIABLE = YES;
				IPHONEOS_DEPLOYMENT_TARGET = 8.1;
				MTL_ENABLE_DEBUG_INFO = NO;
				SDKROOT = iphoneos;
				TARGETED_DEVICE_FAMILY = "1,2";
				VALIDATE_PRODUCT = YES;
			};
			name = Release;
		};
		78D80EAA1A33C976005282A3 /* Debug */ = {
			isa = XCBuildConfiguration;
			buildSettings = {
				ASSETCATALOG_COMPILER_APPICON_NAME = AppIcon;
				ASSETCATALOG_COMPILER_LAUNCHIMAGE_NAME = LaunchImage;
				CODE_SIGN_IDENTITY = "iPhone Developer";
				INFOPLIST_FILE = Auctacity/Info.plist;
				IPHONEOS_DEPLOYMENT_TARGET = 8.0;
				LD_RUNPATH_SEARCH_PATHS = "$(inherited) @executable_path/Frameworks";
				PRODUCT_NAME = "$(TARGET_NAME)";
				TARGETED_DEVICE_FAMILY = 2;
			};
			name = Debug;
		};
		78D80EAB1A33C976005282A3 /* Release */ = {
			isa = XCBuildConfiguration;
			buildSettings = {
				ASSETCATALOG_COMPILER_APPICON_NAME = AppIcon;
				ASSETCATALOG_COMPILER_LAUNCHIMAGE_NAME = LaunchImage;
				CODE_SIGN_IDENTITY = "iPhone Developer";
				INFOPLIST_FILE = Auctacity/Info.plist;
				IPHONEOS_DEPLOYMENT_TARGET = 8.0;
				LD_RUNPATH_SEARCH_PATHS = "$(inherited) @executable_path/Frameworks";
				PRODUCT_NAME = "$(TARGET_NAME)";
				TARGETED_DEVICE_FAMILY = 2;
			};
			name = Release;
		};
		78D80EAD1A33C976005282A3 /* Debug */ = {
			isa = XCBuildConfiguration;
			buildSettings = {
				BUNDLE_LOADER = "$(TEST_HOST)";
				FRAMEWORK_SEARCH_PATHS = (
					"$(SDKROOT)/Developer/Library/Frameworks",
					"$(inherited)",
				);
				GCC_PREPROCESSOR_DEFINITIONS = (
					"DEBUG=1",
					"$(inherited)",
				);
				INFOPLIST_FILE = AuctacityTests/Info.plist;
				LD_RUNPATH_SEARCH_PATHS = "$(inherited) @executable_path/Frameworks @loader_path/Frameworks";
				PRODUCT_NAME = "$(TARGET_NAME)";
				TEST_HOST = "$(BUILT_PRODUCTS_DIR)/Auctacity.app/Auctacity";
			};
			name = Debug;
		};
		78D80EAE1A33C976005282A3 /* Release */ = {
			isa = XCBuildConfiguration;
			buildSettings = {
				BUNDLE_LOADER = "$(TEST_HOST)";
				FRAMEWORK_SEARCH_PATHS = (
					"$(SDKROOT)/Developer/Library/Frameworks",
					"$(inherited)",
				);
				INFOPLIST_FILE = AuctacityTests/Info.plist;
				LD_RUNPATH_SEARCH_PATHS = "$(inherited) @executable_path/Frameworks @loader_path/Frameworks";
				PRODUCT_NAME = "$(TARGET_NAME)";
				TEST_HOST = "$(BUILT_PRODUCTS_DIR)/Auctacity.app/Auctacity";
			};
			name = Release;
		};
/* End XCBuildConfiguration section */

/* Begin XCConfigurationList section */
		78D80E7E1A33C976005282A3 /* Build configuration list for PBXProject "Auctacity" */ = {
			isa = XCConfigurationList;
			buildConfigurations = (
				78D80EA71A33C976005282A3 /* Debug */,
				78D80EA81A33C976005282A3 /* Release */,
			);
			defaultConfigurationIsVisible = 0;
			defaultConfigurationName = Release;
		};
		78D80EA91A33C976005282A3 /* Build configuration list for PBXNativeTarget "Auctacity" */ = {
			isa = XCConfigurationList;
			buildConfigurations = (
				78D80EAA1A33C976005282A3 /* Debug */,
				78D80EAB1A33C976005282A3 /* Release */,
			);
			defaultConfigurationIsVisible = 0;
			defaultConfigurationName = Release;
		};
		78D80EAC1A33C976005282A3 /* Build configuration list for PBXNativeTarget "AuctacityTests" */ = {
			isa = XCConfigurationList;
			buildConfigurations = (
				78D80EAD1A33C976005282A3 /* Debug */,
				78D80EAE1A33C976005282A3 /* Release */,
			);
			defaultConfigurationIsVisible = 0;
			defaultConfigurationName = Release;
		};
/* End XCConfigurationList section */
	};
	rootObject = 78D80E7B1A33C976005282A3 /* Project object */;
}
